Microsoft Visual Studio Solution File, Format Version 12.00
# Visual Studio Version 16
VisualStudioVersion = 16.0.29728.190
MinimumVisualStudioVersion = 10.0.40219.1
Project("{8BC9CEB8-8B4A-11D0-8D11-00A0C91BC942}") = "hrender", "..\hrender\hrender.vcxproj", "{3F318569-891B-4D35-952C-9162D29F97F7}"
	ProjectSection(ProjectDependencies) = postProject
		{D28ABD7E-C036-37BD-867B-CD36B013E741} = {D28ABD7E-C036-37BD-867B-CD36B013E741}
	EndProjectSection
EndProject
Project("{2150E333-8FDC-42A3-9474-1A3956D46DE8}") = "Solution Items", "Solution Items", "{350A0B15-98C0-45E3-872B-4FEFB47AA37C}"
	ProjectSection(SolutionItems) = preProject
		.editorconfig = .editorconfig
	EndProjectSection
EndProject
Project("{2150E333-8FDC-42A3-9474-1A3956D46DE8}") = "Tools", "Tools", "{935D7586-B55D-431A-A0ED-338383DE1A1E}"
EndProject
Project("{8BC9CEB8-8B4A-11D0-8D11-00A0C91BC942}") = "FalcorTest", "Source\Tools\FalcorTest\FalcorTest.vcxproj", "{20401FAD-6022-8EB7-2F78-41369B8F0F49}"
EndProject
Project("{8BC9CEB8-8B4A-11D0-8D11-00A0C91BC942}") = "RenderGraphEditor", "Source\Tools\RenderGraphEditor\RenderGraphEditor.vcxproj", "{DE81ACAA-933F-4DBC-A7EB-D69B9CB0BA71}"
EndProject
Project("{8BC9CEB8-8B4A-11D0-8D11-00A0C91BC942}") = "Falcor", "Source\Falcor\Falcor.vcxproj", "{2C535635-E4C5-4098-A928-574F0E7CD5F9}"
EndProject
Project("{2150E333-8FDC-42A3-9474-1A3956D46DE8}") = "BuildScripts", "BuildScripts", "{0ABDD59E-937B-41FF-B78A-7F47CBCCA387}"
	ProjectSection(SolutionItems) = preProject
		Build\deploycommon.bat = Build\deploycommon.bat
		Build\deployproject.bat = Build\deployproject.bat
		Build\patchpropssheet.py = Build\patchpropssheet.py
		Build\prebuild.bat = Build\prebuild.bat
		Build\update_dependencies.bat = Build\update_dependencies.bat
	EndProjectSection
EndProject
Project("{8BC9CEB8-8B4A-11D0-8D11-00A0C91BC942}") = "Mogwai", "Source\Mogwai\Mogwai.vcxproj", "{204D1CBA-6D34-4EB7-9F78-A1369F8F0F49}"
EndProject
Project("{8BC9CEB8-8B4A-11D0-8D11-00A0C91BC942}") = "ImageCompare", "Source\Tools\ImageCompare\ImageCompare.vcxproj", "{8F6B5FAB-30FA-45C6-B5EA-BCD1D26781C0}"
EndProject
Project("{8BC9CEB8-8B4A-11D0-8D11-00A0C91BC942}") = "rrender", "..\rrender\rrender.vcxproj", "{A601D9D6-5595-4C64-8EA0-EC1B6570A064}"
EndProject
Project("{8BC9CEB8-8B4A-11D0-8D11-00A0C91BC942}") = "AppEncD3D12", "..\Video_Codec_SDK_11010\Samples\build\AppEncode\AppEncD3D12\AppEncD3D12.vcxproj", "{D28ABD7E-C036-37BD-867B-CD36B013E741}"
EndProject
Project("{8BC9CEB8-8B4A-11D0-8D11-00A0C91BC942}") = "AppDec", "..\Video_Codec_SDK_11010\Samples\build\AppDecode\AppDec\AppDec.vcxproj", "{9CFC513B-7CDA-341D-BC8B-EC936511B21A}"
EndProject
Global
	GlobalSection(SolutionConfigurationPlatforms) = preSolution
		Debug|x64 = Debug|x64
		DebugD3D12|x64 = DebugD3D12|x64
		MinSizeRel|x64 = MinSizeRel|x64
		Release|x64 = Release|x64
		ReleaseD3D12|x64 = ReleaseD3D12|x64
		RelWithDebInfo|x64 = RelWithDebInfo|x64
	EndGlobalSection
	GlobalSection(ProjectConfigurationPlatforms) = postSolution
		{3F318569-891B-4D35-952C-9162D29F97F7}.Debug|x64.ActiveCfg = Debug|x64
		{3F318569-891B-4D35-952C-9162D29F97F7}.Debug|x64.Build.0 = Debug|x64
		{3F318569-891B-4D35-952C-9162D29F97F7}.DebugD3D12|x64.ActiveCfg = Debug|x64
		{3F318569-891B-4D35-952C-9162D29F97F7}.DebugD3D12|x64.Build.0 = Debug|x64
		{3F318569-891B-4D35-952C-9162D29F97F7}.MinSizeRel|x64.ActiveCfg = ConciseDebug|x64
		{3F318569-891B-4D35-952C-9162D29F97F7}.MinSizeRel|x64.Build.0 = ConciseDebug|x64
		{3F318569-891B-4D35-952C-9162D29F97F7}.Release|x64.ActiveCfg = Release|x64
		{3F318569-891B-4D35-952C-9162D29F97F7}.Release|x64.Build.0 = Release|x64
		{3F318569-891B-4D35-952C-9162D29F97F7}.ReleaseD3D12|x64.ActiveCfg = Release|x64
		{3F318569-891B-4D35-952C-9162D29F97F7}.ReleaseD3D12|x64.Build.0 = Release|x64
		{3F318569-891B-4D35-952C-9162D29F97F7}.RelWithDebInfo|x64.ActiveCfg = Release|x64
		{3F318569-891B-4D35-952C-9162D29F97F7}.RelWithDebInfo|x64.Build.0 = Release|x64
		{20401FAD-6022-8EB7-2F78-41369B8F0F49}.Debug|x64.ActiveCfg = Debug|x64
		{20401FAD-6022-8EB7-2F78-41369B8F0F49}.Debug|x64.Build.0 = Debug|x64
		{20401FAD-6022-8EB7-2F78-41369B8F0F49}.DebugD3D12|x64.ActiveCfg = Debug|x64
		{20401FAD-6022-8EB7-2F78-41369B8F0F49}.DebugD3D12|x64.Build.0 = Debug|x64
		{20401FAD-6022-8EB7-2F78-41369B8F0F49}.MinSizeRel|x64.ActiveCfg = Release|x64
		{20401FAD-6022-8EB7-2F78-41369B8F0F49}.MinSizeRel|x64.Build.0 = Release|x64
		{20401FAD-6022-8EB7-2F78-41369B8F0F49}.Release|x64.ActiveCfg = Release|x64
		{20401FAD-6022-8EB7-2F78-41369B8F0F49}.Release|x64.Build.0 = Release|x64
		{20401FAD-6022-8EB7-2F78-41369B8F0F49}.ReleaseD3D12|x64.ActiveCfg = Release|x64
		{20401FAD-6022-8EB7-2F78-41369B8F0F49}.ReleaseD3D12|x64.Build.0 = Release|x64
		{20401FAD-6022-8EB7-2F78-41369B8F0F49}.RelWithDebInfo|x64.ActiveCfg = Release|x64
		{20401FAD-6022-8EB7-2F78-41369B8F0F49}.RelWithDebInfo|x64.Build.0 = Release|x64
		{DE81ACAA-933F-4DBC-A7EB-D69B9CB0BA71}.Debug|x64.ActiveCfg = Debug|x64
		{DE81ACAA-933F-4DBC-A7EB-D69B9CB0BA71}.Debug|x64.Build.0 = Debug|x64
		{DE81ACAA-933F-4DBC-A7EB-D69B9CB0BA71}.DebugD3D12|x64.ActiveCfg = Debug|x64
		{DE81ACAA-933F-4DBC-A7EB-D69B9CB0BA71}.DebugD3D12|x64.Build.0 = Debug|x64
		{DE81ACAA-933F-4DBC-A7EB-D69B9CB0BA71}.MinSizeRel|x64.ActiveCfg = Release|x64
		{DE81ACAA-933F-4DBC-A7EB-D69B9CB0BA71}.MinSizeRel|x64.Build.0 = Release|x64
		{DE81ACAA-933F-4DBC-A7EB-D69B9CB0BA71}.Release|x64.ActiveCfg = Release|x64
		{DE81ACAA-933F-4DBC-A7EB-D69B9CB0BA71}.Release|x64.Build.0 = Release|x64
		{DE81ACAA-933F-4DBC-A7EB-D69B9CB0BA71}.ReleaseD3D12|x64.ActiveCfg = Release|x64
		{DE81ACAA-933F-4DBC-A7EB-D69B9CB0BA71}.ReleaseD3D12|x64.Build.0 = Release|x64
		{DE81ACAA-933F-4DBC-A7EB-D69B9CB0BA71}.RelWithDebInfo|x64.ActiveCfg = Release|x64
		{DE81ACAA-933F-4DBC-A7EB-D69B9CB0BA71}.RelWithDebInfo|x64.Build.0 = Release|x64
		{2C535635-E4C5-4098-A928-574F0E7CD5F9}.Debug|x64.ActiveCfg = DebugVK|x64
		{2C535635-E4C5-4098-A928-574F0E7CD5F9}.Debug|x64.Build.0 = DebugVK|x64
		{2C535635-E4C5-4098-A928-574F0E7CD5F9}.DebugD3D12|x64.ActiveCfg = DebugD3D12|x64
		{2C535635-E4C5-4098-A928-574F0E7CD5F9}.DebugD3D12|x64.Build.0 = DebugD3D12|x64
		{2C535635-E4C5-4098-A928-574F0E7CD5F9}.MinSizeRel|x64.ActiveCfg = ReleaseD3D12|x64
		{2C535635-E4C5-4098-A928-574F0E7CD5F9}.MinSizeRel|x64.Build.0 = ReleaseD3D12|x64
		{2C535635-E4C5-4098-A928-574F0E7CD5F9}.Release|x64.ActiveCfg = ReleaseVK|x64
		{2C535635-E4C5-4098-A928-574F0E7CD5F9}.Release|x64.Build.0 = ReleaseVK|x64
		{2C535635-E4C5-4098-A928-574F0E7CD5F9}.ReleaseD3D12|x64.ActiveCfg = ReleaseD3D12|x64
		{2C535635-E4C5-4098-A928-574F0E7CD5F9}.ReleaseD3D12|x64.Build.0 = ReleaseD3D12|x64
		{2C535635-E4C5-4098-A928-574F0E7CD5F9}.RelWithDebInfo|x64.ActiveCfg = ReleaseD3D12|x64
		{2C535635-E4C5-4098-A928-574F0E7CD5F9}.RelWithDebInfo|x64.Build.0 = ReleaseD3D12|x64
		{204D1CBA-6D34-4EB7-9F78-A1369F8F0F49}.Debug|x64.ActiveCfg = Debug|x64
		{204D1CBA-6D34-4EB7-9F78-A1369F8F0F49}.Debug|x64.Build.0 = Debug|x64
		{204D1CBA-6D34-4EB7-9F78-A1369F8F0F49}.DebugD3D12|x64.ActiveCfg = Debug|x64
		{204D1CBA-6D34-4EB7-9F78-A1369F8F0F49}.DebugD3D12|x64.Build.0 = Debug|x64
		{204D1CBA-6D34-4EB7-9F78-A1369F8F0F49}.MinSizeRel|x64.ActiveCfg = Release|x64
		{204D1CBA-6D34-4EB7-9F78-A1369F8F0F49}.MinSizeRel|x64.Build.0 = Release|x64
		{204D1CBA-6D34-4EB7-9F78-A1369F8F0F49}.Release|x64.ActiveCfg = Release|x64
		{204D1CBA-6D34-4EB7-9F78-A1369F8F0F49}.Release|x64.Build.0 = Release|x64
		{204D1CBA-6D34-4EB7-9F78-A1369F8F0F49}.ReleaseD3D12|x64.ActiveCfg = Release|x64
		{204D1CBA-6D34-4EB7-9F78-A1369F8F0F49}.ReleaseD3D12|x64.Build.0 = Release|x64
		{204D1CBA-6D34-4EB7-9F78-A1369F8F0F49}.RelWithDebInfo|x64.ActiveCfg = Release|x64
		{204D1CBA-6D34-4EB7-9F78-A1369F8F0F49}.RelWithDebInfo|x64.Build.0 = Release|x64
		{8F6B5FAB-30FA-45C6-B5EA-BCD1D26781C0}.Debug|x64.ActiveCfg = Debug|x64
		{8F6B5FAB-30FA-45C6-B5EA-BCD1D26781C0}.Debug|x64.Build.0 = Debug|x64
		{8F6B5FAB-30FA-45C6-B5EA-BCD1D26781C0}.DebugD3D12|x64.ActiveCfg = Debug|x64
		{8F6B5FAB-30FA-45C6-B5EA-BCD1D26781C0}.DebugD3D12|x64.Build.0 = Debug|x64
		{8F6B5FAB-30FA-45C6-B5EA-BCD1D26781C0}.MinSizeRel|x64.ActiveCfg = Release|x64
		{8F6B5FAB-30FA-45C6-B5EA-BCD1D26781C0}.MinSizeRel|x64.Build.0 = Release|x64
		{8F6B5FAB-30FA-45C6-B5EA-BCD1D26781C0}.Release|x64.ActiveCfg = Release|x64
		{8F6B5FAB-30FA-45C6-B5EA-BCD1D26781C0}.Release|x64.Build.0 = Release|x64
		{8F6B5FAB-30FA-45C6-B5EA-BCD1D26781C0}.ReleaseD3D12|x64.ActiveCfg = Release|x64
		{8F6B5FAB-30FA-45C6-B5EA-BCD1D26781C0}.ReleaseD3D12|x64.Build.0 = Release|x64
		{8F6B5FAB-30FA-45C6-B5EA-BCD1D26781C0}.RelWithDebInfo|x64.ActiveCfg = Release|x64
		{8F6B5FAB-30FA-45C6-B5EA-BCD1D26781C0}.RelWithDebInfo|x64.Build.0 = Release|x64
		{A601D9D6-5595-4C64-8EA0-EC1B6570A064}.Debug|x64.ActiveCfg = Debug|x64
		{A601D9D6-5595-4C64-8EA0-EC1B6570A064}.Debug|x64.Build.0 = Debug|x64
		{A601D9D6-5595-4C64-8EA0-EC1B6570A064}.DebugD3D12|x64.ActiveCfg = Debug|x64
		{A601D9D6-5595-4C64-8EA0-EC1B6570A064}.DebugD3D12|x64.Build.0 = Debug|x64
		{A601D9D6-5595-4C64-8EA0-EC1B6570A064}.MinSizeRel|x64.ActiveCfg = Release|x64
		{A601D9D6-5595-4C64-8EA0-EC1B6570A064}.MinSizeRel|x64.Build.0 = Release|x64
		{A601D9D6-5595-4C64-8EA0-EC1B6570A064}.Release|x64.ActiveCfg = Release|x64
		{A601D9D6-5595-4C64-8EA0-EC1B6570A064}.Release|x64.Build.0 = Release|x64
		{A601D9D6-5595-4C64-8EA0-EC1B6570A064}.ReleaseD3D12|x64.ActiveCfg = Release|x64
		{A601D9D6-5595-4C64-8EA0-EC1B6570A064}.ReleaseD3D12|x64.Build.0 = Release|x64
		{A601D9D6-5595-4C64-8EA0-EC1B6570A064}.RelWithDebInfo|x64.ActiveCfg = Release|x64
		{A601D9D6-5595-4C64-8EA0-EC1B6570A064}.RelWithDebInfo|x64.Build.0 = Release|x64
		{D28ABD7E-C036-37BD-867B-CD36B013E741}.Debug|x64.ActiveCfg = Debug|x64
		{D28ABD7E-C036-37BD-867B-CD36B013E741}.Debug|x64.Build.0 = Debug|x64
		{D28ABD7E-C036-37BD-867B-CD36B013E741}.DebugD3D12|x64.ActiveCfg = Debug|x64
		{D28ABD7E-C036-37BD-867B-CD36B013E741}.DebugD3D12|x64.Build.0 = Debug|x64
		{D28ABD7E-C036-37BD-867B-CD36B013E741}.MinSizeRel|x64.ActiveCfg = MinSizeRel|x64
		{D28ABD7E-C036-37BD-867B-CD36B013E741}.MinSizeRel|x64.Build.0 = MinSizeRel|x64
		{D28ABD7E-C036-37BD-867B-CD36B013E741}.Release|x64.ActiveCfg = Release|x64
		{D28ABD7E-C036-37BD-867B-CD36B013E741}.Release|x64.Build.0 = Release|x64
		{D28ABD7E-C036-37BD-867B-CD36B013E741}.ReleaseD3D12|x64.ActiveCfg = Release|x64
		{D28ABD7E-C036-37BD-867B-CD36B013E741}.ReleaseD3D12|x64.Build.0 = Release|x64
		{D28ABD7E-C036-37BD-867B-CD36B013E741}.RelWithDebInfo|x64.ActiveCfg = RelWithDebInfo|x64
		{D28ABD7E-C036-37BD-867B-CD36B013E741}.RelWithDebInfo|x64.Build.0 = RelWithDebInfo|x64
		{9CFC513B-7CDA-341D-BC8B-EC936511B21A}.Debug|x64.ActiveCfg = Debug|x64
		{9CFC513B-7CDA-341D-BC8B-EC936511B21A}.Debug|x64.Build.0 = Debug|x64
		{9CFC513B-7CDA-341D-BC8B-EC936511B21A}.DebugD3D12|x64.ActiveCfg = Debug|x64
		{9CFC513B-7CDA-341D-BC8B-EC936511B21A}.DebugD3D12|x64.Build.0 = Debug|x64
		{9CFC513B-7CDA-341D-BC8B-EC936511B21A}.MinSizeRel|x64.ActiveCfg = MinSizeRel|x64
		{9CFC513B-7CDA-341D-BC8B-EC936511B21A}.MinSizeRel|x64.Build.0 = MinSizeRel|x64
		{9CFC513B-7CDA-341D-BC8B-EC936511B21A}.Release|x64.ActiveCfg = Release|x64
		{9CFC513B-7CDA-341D-BC8B-EC936511B21A}.Release|x64.Build.0 = Release|x64
		{9CFC513B-7CDA-341D-BC8B-EC936511B21A}.ReleaseD3D12|x64.ActiveCfg = Release|x64
		{9CFC513B-7CDA-341D-BC8B-EC936511B21A}.ReleaseD3D12|x64.Build.0 = Release|x64
		{9CFC513B-7CDA-341D-BC8B-EC936511B21A}.RelWithDebInfo|x64.ActiveCfg = RelWithDebInfo|x64
		{9CFC513B-7CDA-341D-BC8B-EC936511B21A}.RelWithDebInfo|x64.Build.0 = RelWithDebInfo|x64
	EndGlobalSection
	GlobalSection(SolutionProperties) = preSolution
		HideSolutionNode = FALSE
	EndGlobalSection
	GlobalSection(NestedProjects) = preSolution
		{20401FAD-6022-8EB7-2F78-41369B8F0F49} = {935D7586-B55D-431A-A0ED-338383DE1A1E}
		{DE81ACAA-933F-4DBC-A7EB-D69B9CB0BA71} = {935D7586-B55D-431A-A0ED-338383DE1A1E}
		{0ABDD59E-937B-41FF-B78A-7F47CBCCA387} = {350A0B15-98C0-45E3-872B-4FEFB47AA37C}
		{8F6B5FAB-30FA-45C6-B5EA-BCD1D26781C0} = {935D7586-B55D-431A-A0ED-338383DE1A1E}
	EndGlobalSection
	GlobalSection(ExtensibilityGlobals) = postSolution
		SolutionGuid = {357B2AE0-FE30-4AC6-8D41-B580232BC0DE}
	EndGlobalSection
EndGlobal
