<?xml version="1.0" encoding="utf-8"?>
<Project ToolsVersion="4.0" xmlns="http://schemas.microsoft.com/developer/msbuild/2003">
  <ItemGroup>
    <ClCompile Include="hrender.cpp" />
    <ClCompile Include="DxrTutorSharedUtils\RenderingPipeline.cpp">
      <Filter>SharedUtils</Filter>
    </ClCompile>
    <ClCompile Include="DxrTutorSharedUtils\RenderPass.cpp">
      <Filter>SharedUtils</Filter>
    </ClCompile>
    <ClCompile Include="DxrTutorSharedUtils\SceneLoaderWrapper.cpp">
      <Filter>SharedUtils</Filter>
    </ClCompile>
    <ClCompile Include="DxrTutorSharedUtils\ResourceManager.cpp">
      <Filter>SharedUtils</Filter>
    </ClCompile>
    <ClCompile Include="DxrTutorSharedUtils\FullscreenLaunch.cpp">
      <Filter>SharedUtils</Filter>
    </ClCompile>
    <ClCompile Include="DxrTutorTestPasses\SinusoidRasterPass.cpp">
      <Filter>TestPasses</Filter>
    </ClCompile>
    <ClCompile Include="DxrTutorTestPasses\ConstantColorPass.cpp">
      <Filter>TestPasses</Filter>
    </ClCompile>
    <ClCompile Include="DxrTutorSharedUtils\RasterLaunch.cpp">
      <Filter>SharedUtils</Filter>
    </ClCompile>
    <ClCompile Include="DxrTutorCommonPasses\SimpleGBufferPass.cpp">
      <Filter>CommonPasses</Filter>
    </ClCompile>
    <ClCompile Include="DxrTutorCommonPasses\CopyToOutputPass.cpp">
      <Filter>CommonPasses</Filter>
    </ClCompile>
  </ItemGroup>
  <ItemGroup>
    <ClInclude Include="hrender.h" />
    <ClInclude Include="DxrTutorSharedUtils\RenderingPipeline.h">
      <Filter>SharedUtils</Filter>
    </ClInclude>
    <ClInclude Include="DxrTutorSharedUtils\RenderPass.h">
      <Filter>SharedUtils</Filter>
    </ClInclude>
    <ClInclude Include="DxrTutorSharedUtils\SceneLoaderWrapper.h">
      <Filter>SharedUtils</Filter>
    </ClInclude>
    <ClInclude Include="DxrTutorSharedUtils\ResourceManager.h">
      <Filter>SharedUtils</Filter>
    </ClInclude>
    <ClInclude Include="DxrTutorSharedUtils\FullscreenLaunch.h">
      <Filter>SharedUtils</Filter>
    </ClInclude>
    <ClInclude Include="DxrTutorTestPasses\SinusoidRasterPass.h">
      <Filter>TestPasses</Filter>
    </ClInclude>
    <ClInclude Include="DxrTutorTestPasses\ConstantColorPass.h">
      <Filter>TestPasses</Filter>
    </ClInclude>
    <ClInclude Include="DxrTutorSharedUtils\RasterLaunch.h">
      <Filter>SharedUtils</Filter>
    </ClInclude>
    <ClInclude Include="DxrTutorCommonPasses\SimpleGBufferPass.h">
      <Filter>CommonPasses</Filter>
    </ClInclude>
    <ClInclude Include="DxrTutorCommonPasses\CopyToOutputPass.h">
      <Filter>CommonPasses</Filter>
    </ClInclude>
  </ItemGroup>
  <ItemGroup>
    <Filter Include="CommonPasses">
      <UniqueIdentifier>{37451d6e-20e2-450e-a3a6-dad2a516e914}</UniqueIdentifier>
    </Filter>
    <Filter Include="Shaders">
      <UniqueIdentifier>{0b52c825-e6bc-4c0b-9af9-8052bbb5839f}</UniqueIdentifier>
    </Filter>
    <Filter Include="SharedUtils">
      <UniqueIdentifier>{01635f05-a550-454c-ac47-9afc80b7a50d}</UniqueIdentifier>
    </Filter>
    <Filter Include="TestPasses">
      <UniqueIdentifier>{72e7a820-7958-4fbd-9818-81f368e351ed}</UniqueIdentifier>
    </Filter>
    <Filter Include="TestPasses\Shaders">
      <UniqueIdentifier>{cd6e49c7-44eb-4463-9c29-1cce9c2eeb75}</UniqueIdentifier>
    </Filter>
  </ItemGroup>
  <ItemGroup>
    <ShaderSource Include="DxrTutorCommonPasses\Data\CommonPasses\accumulate.ps.hlsl">
      <Filter>Shaders</Filter>
    </ShaderSource>
    <ShaderSource Include="DxrTutorCommonPasses\Data\CommonPasses\aoCommonUtils.hlsli">
      <Filter>Shaders</Filter>
    </ShaderSource>
    <ShaderSource Include="DxrTutorCommonPasses\Data\CommonPasses\aoTracing.rt.hlsl">
      <Filter>Shaders</Filter>
    </ShaderSource>
    <ShaderSource Include="DxrTutorCommonPasses\Data\CommonPasses\gBuffer.ps.hlsl">
      <Filter>Shaders</Filter>
    </ShaderSource>
    <ShaderSource Include="DxrTutorCommonPasses\Data\CommonPasses\gBuffer.vs.hlsl">
      <Filter>Shaders</Filter>
    </ShaderSource>
    <ShaderSource Include="DxrTutorCommonPasses\Data\CommonPasses\lambertianPlusShadows.rt.hlsl">
      <Filter>Shaders</Filter>
    </ShaderSource>
    <ShaderSource Include="DxrTutorCommonPasses\Data\CommonPasses\lambertianPlusShadowsUtils.hlsli">
      <Filter>Shaders</Filter>
    </ShaderSource>
    <ShaderSource Include="DxrTutorCommonPasses\Data\CommonPasses\lightProbeGBuffer.rt.hlsl">
      <Filter>Shaders</Filter>
    </ShaderSource>
    <ShaderSource Include="DxrTutorCommonPasses\Data\CommonPasses\lightProbeGBufferUtils.hlsli">
      <Filter>Shaders</Filter>
    </ShaderSource>
    <ShaderSource Include="DxrTutorCommonPasses\Data\CommonPasses\simpleDiffuseGI.rt.hlsl">
      <Filter>Shaders</Filter>
    </ShaderSource>
    <ShaderSource Include="DxrTutorCommonPasses\Data\CommonPasses\simpleDiffuseGIUtils.hlsli">
      <Filter>Shaders</Filter>
    </ShaderSource>
    <ShaderSource Include="DxrTutorCommonPasses\Data\CommonPasses\standardShadowRay.hlsli">
      <Filter>Shaders</Filter>
    </ShaderSource>
    <ShaderSource Include="DxrTutorCommonPasses\Data\CommonPasses\thinLensGBuffer.rt.hlsl">
      <Filter>Shaders</Filter>
    </ShaderSource>
    <ShaderSource Include="DxrTutorCommonPasses\Data\CommonPasses\thinLensUtils.hlsli">
      <Filter>Shaders</Filter>
    </ShaderSource>
    <ShaderSource Include="DxrTutorTestPasses\Data\TestPasses\sinusoid.ps.hlsl">
      <Filter>TestPasses\Shaders</Filter>
    </ShaderSource>
  </ItemGroup>
</Project>