<?xml version="1.0" encoding="utf-8"?>
<Project ToolsVersion="4.0" xmlns="http://schemas.microsoft.com/developer/msbuild/2003">
  <ItemGroup>
    <ClCompile Include="hrender.cpp" />
    <ClCompile Include="DxrTutorSharedUtils\RenderingPipeline.cpp">
      <Filter>SharedUtils</Filter>
    </ClCompile>
    <ClCompile Include="DxrTutorSharedUtils\RenderPass.cpp">
      <Filter>SharedUtils</Filter>
    </ClCompile>
    <ClCompile Include="DxrTutorSharedUtils\SceneLoaderWrapper.cpp">
      <Filter>SharedUtils</Filter>
    </ClCompile>
    <ClCompile Include="DxrTutorSharedUtils\ResourceManager.cpp">
      <Filter>SharedUtils</Filter>
    </ClCompile>
    <ClCompile Include="DxrTutorSharedUtils\FullscreenLaunch.cpp">
      <Filter>SharedUtils</Filter>
    </ClCompile>
    <ClCompile Include="DxrTutorTestPasses\SinusoidRasterPass.cpp">
      <Filter>TestPasses</Filter>
    </ClCompile>
    <ClCompile Include="DxrTutorTestPasses\ConstantColorPass.cpp">
      <Filter>TestPasses</Filter>
    </ClCompile>
    <ClCompile Include="DxrTutorSharedUtils\RasterLaunch.cpp">
      <Filter>SharedUtils</Filter>
    </ClCompile>
    <ClCompile Include="DxrTutorCommonPasses\SimpleGBufferPass.cpp">
      <Filter>CommonPasses</Filter>
    </ClCompile>
    <ClCompile Include="DxrTutorCommonPasses\CopyToOutputPass.cpp">
      <Filter>CommonPasses</Filter>
    </ClCompile>
    <ClCompile Include="DxrTutorSharedUtils\RayLaunch.cpp">
      <Filter>SharedUtils</Filter>
    </ClCompile>
    <ClCompile Include="DxrTutorCommonPasses\AmbientOcclusionPass.cpp">
      <Filter>CommonPasses</Filter>
    </ClCompile>
    <ClCompile Include="DxrTutorCommonPasses\SimpleAccumulationPass.cpp">
      <Filter>CommonPasses</Filter>
    </ClCompile>
    <ClCompile Include="DxrTutorCommonPasses\JitteredGBufferPass.cpp">
      <Filter>CommonPasses</Filter>
    </ClCompile>
    <ClCompile Include="DxrTutorCommonPasses\LambertianPlusShadowPass.cpp">
      <Filter>CommonPasses</Filter>
    </ClCompile>
    <ClCompile Include="DxrTutorCommonPasses\ThinLensGBufferPass.cpp">
      <Filter>CommonPasses</Filter>
    </ClCompile>
    <ClCompile Include="DxrTutorCommonPasses\LightProbeGBufferPass.cpp">
      <Filter>CommonPasses</Filter>
    </ClCompile>
    <ClCompile Include="DxrTutorCommonPasses\SimpleDiffuseGIPass.cpp">
      <Filter>CommonPasses</Filter>
    </ClCompile>
    <ClCompile Include="DxrTutorCommonPasses\GGXGlobalIllumination.cpp">
      <Filter>CommonPasses</Filter>
    </ClCompile>
    <ClCompile Include="SVGFPasses\GBufferForSVGF.cpp">
      <Filter>SVGFPasses</Filter>
    </ClCompile>
    <ClCompile Include="SVGFPasses\GGXGlobalIlluminationDemod.cpp">
      <Filter>SVGFPasses</Filter>
    </ClCompile>
    <ClCompile Include="TestPasses\ModulateAlbedoIllumPass.cpp">
      <Filter>TestPasses</Filter>
    </ClCompile>
    <ClCompile Include="SVGFPasses\SVGFPass.cpp">
      <Filter>SVGFPasses</Filter>
    </ClCompile>
    <ClCompile Include="TestPasses\DecodeGBufferPass.cpp">
      <Filter>TestPasses</Filter>
    </ClCompile>
    <ClCompile Include="RasterizedPasses\RasterLightingPass.cpp">
      <Filter>RasterizedPasses</Filter>
    </ClCompile>
  </ItemGroup>
  <ItemGroup>
    <ClInclude Include="hrender.h" />
    <ClInclude Include="DxrTutorSharedUtils\RenderingPipeline.h">
      <Filter>SharedUtils</Filter>
    </ClInclude>
    <ClInclude Include="DxrTutorSharedUtils\RenderPass.h">
      <Filter>SharedUtils</Filter>
    </ClInclude>
    <ClInclude Include="DxrTutorSharedUtils\SceneLoaderWrapper.h">
      <Filter>SharedUtils</Filter>
    </ClInclude>
    <ClInclude Include="DxrTutorSharedUtils\ResourceManager.h">
      <Filter>SharedUtils</Filter>
    </ClInclude>
    <ClInclude Include="DxrTutorSharedUtils\FullscreenLaunch.h">
      <Filter>SharedUtils</Filter>
    </ClInclude>
    <ClInclude Include="DxrTutorTestPasses\SinusoidRasterPass.h">
      <Filter>TestPasses</Filter>
    </ClInclude>
    <ClInclude Include="DxrTutorTestPasses\ConstantColorPass.h">
      <Filter>TestPasses</Filter>
    </ClInclude>
    <ClInclude Include="DxrTutorSharedUtils\RasterLaunch.h">
      <Filter>SharedUtils</Filter>
    </ClInclude>
    <ClInclude Include="DxrTutorCommonPasses\SimpleGBufferPass.h">
      <Filter>CommonPasses</Filter>
    </ClInclude>
    <ClInclude Include="DxrTutorCommonPasses\CopyToOutputPass.h">
      <Filter>CommonPasses</Filter>
    </ClInclude>
    <ClInclude Include="DxrTutorSharedUtils\RayLaunch.h">
      <Filter>SharedUtils</Filter>
    </ClInclude>
    <ClInclude Include="DxrTutorCommonPasses\AmbientOcclusionPass.h">
      <Filter>CommonPasses</Filter>
    </ClInclude>
    <ClInclude Include="DxrTutorCommonPasses\SimpleAccumulationPass.h">
      <Filter>CommonPasses</Filter>
    </ClInclude>
    <ClInclude Include="DxrTutorCommonPasses\JitteredGBufferPass.h">
      <Filter>CommonPasses</Filter>
    </ClInclude>
    <ClInclude Include="DxrTutorCommonPasses\LambertianPlusShadowPass.h">
      <Filter>CommonPasses</Filter>
    </ClInclude>
    <ClInclude Include="DxrTutorCommonPasses\ThinLensGBufferPass.h">
      <Filter>CommonPasses</Filter>
    </ClInclude>
    <ClInclude Include="DxrTutorCommonPasses\LightProbeGBufferPass.h">
      <Filter>CommonPasses</Filter>
    </ClInclude>
    <ClInclude Include="resource.h" />
    <ClInclude Include="DxrTutorCommonPasses\SimpleDiffuseGIPass.h">
      <Filter>CommonPasses</Filter>
    </ClInclude>
    <ClInclude Include="DxrTutorCommonPasses\GGXGlobalIllumination.h">
      <Filter>CommonPasses</Filter>
    </ClInclude>
    <ClInclude Include="SVGFPasses\GBufferForSVGF.h">
      <Filter>SVGFPasses</Filter>
    </ClInclude>
    <ClInclude Include="SVGFPasses\GGXGlobalIlluminationDemod.h">
      <Filter>SVGFPasses</Filter>
    </ClInclude>
    <ClInclude Include="SVGFPasses\SVGFPass.h">
      <Filter>SVGFPasses</Filter>
    </ClInclude>
    <ClInclude Include="SVGFPasses\Data\SVGFPasses\svgfGBufData.hlsli">
      <Filter>SVGFPasses\Shaders</Filter>
    </ClInclude>
    <ClInclude Include="TestPasses\ModulateAlbedoIllumPass.h">
      <Filter>TestPasses</Filter>
    </ClInclude>
    <ClInclude Include="TestPasses\DecodeGBufferPass.h">
      <Filter>TestPasses</Filter>
    </ClInclude>
    <ClInclude Include="RasterizedPasses\RasterLightingPass.h">
      <Filter>RasterizedPasses</Filter>
    </ClInclude>
  </ItemGroup>
  <ItemGroup>
    <Filter Include="CommonPasses">
      <UniqueIdentifier>{37451d6e-20e2-450e-a3a6-dad2a516e914}</UniqueIdentifier>
    </Filter>
    <Filter Include="SharedUtils">
      <UniqueIdentifier>{01635f05-a550-454c-ac47-9afc80b7a50d}</UniqueIdentifier>
    </Filter>
    <Filter Include="TestPasses">
      <UniqueIdentifier>{72e7a820-7958-4fbd-9818-81f368e351ed}</UniqueIdentifier>
    </Filter>
    <Filter Include="TestPasses\Shaders">
      <UniqueIdentifier>{cd6e49c7-44eb-4463-9c29-1cce9c2eeb75}</UniqueIdentifier>
    </Filter>
    <Filter Include="SVGFPasses">
      <UniqueIdentifier>{8efe5abb-b8eb-4cee-8c90-db754e1d804e}</UniqueIdentifier>
    </Filter>
    <Filter Include="CommonPasses\Shaders">
      <UniqueIdentifier>{0b52c825-e6bc-4c0b-9af9-8052bbb5839f}</UniqueIdentifier>
    </Filter>
    <Filter Include="SVGFPasses\Shaders">
      <UniqueIdentifier>{afd72e98-215e-4b8b-83f6-d44ca28fbc52}</UniqueIdentifier>
    </Filter>
    <Filter Include="RasterizedPasses">
      <UniqueIdentifier>{39787612-65b8-4dad-9e27-e14ce972a9f2}</UniqueIdentifier>
    </Filter>
    <Filter Include="RasterizedPasses\Shaders">
      <UniqueIdentifier>{c6bd3c7f-5a16-431b-9531-b23c8841573f}</UniqueIdentifier>
    </Filter>
  </ItemGroup>
  <ItemGroup>
    <ShaderSource Include="DxrTutorCommonPasses\Data\CommonPasses\accumulate.ps.hlsl">
      <Filter>CommonPasses\Shaders</Filter>
    </ShaderSource>
    <ShaderSource Include="DxrTutorCommonPasses\Data\CommonPasses\aoCommonUtils.hlsli">
      <Filter>CommonPasses\Shaders</Filter>
    </ShaderSource>
    <ShaderSource Include="DxrTutorCommonPasses\Data\CommonPasses\aoTracing.rt.hlsl">
      <Filter>CommonPasses\Shaders</Filter>
    </ShaderSource>
    <ShaderSource Include="DxrTutorCommonPasses\Data\CommonPasses\gBuffer.ps.hlsl">
      <Filter>CommonPasses\Shaders</Filter>
    </ShaderSource>
    <ShaderSource Include="DxrTutorCommonPasses\Data\CommonPasses\gBuffer.vs.hlsl">
      <Filter>CommonPasses\Shaders</Filter>
    </ShaderSource>
    <ShaderSource Include="DxrTutorCommonPasses\Data\CommonPasses\lambertianPlusShadows.rt.hlsl">
      <Filter>CommonPasses\Shaders</Filter>
    </ShaderSource>
    <ShaderSource Include="DxrTutorCommonPasses\Data\CommonPasses\lambertianPlusShadowsUtils.hlsli">
      <Filter>CommonPasses\Shaders</Filter>
    </ShaderSource>
    <ShaderSource Include="DxrTutorCommonPasses\Data\CommonPasses\lightProbeGBuffer.rt.hlsl">
      <Filter>CommonPasses\Shaders</Filter>
    </ShaderSource>
    <ShaderSource Include="DxrTutorCommonPasses\Data\CommonPasses\lightProbeGBufferUtils.hlsli">
      <Filter>CommonPasses\Shaders</Filter>
    </ShaderSource>
    <ShaderSource Include="DxrTutorCommonPasses\Data\CommonPasses\simpleDiffuseGI.rt.hlsl">
      <Filter>CommonPasses\Shaders</Filter>
    </ShaderSource>
    <ShaderSource Include="DxrTutorCommonPasses\Data\CommonPasses\simpleDiffuseGIUtils.hlsli">
      <Filter>CommonPasses\Shaders</Filter>
    </ShaderSource>
    <ShaderSource Include="DxrTutorCommonPasses\Data\CommonPasses\standardShadowRay.hlsli">
      <Filter>CommonPasses\Shaders</Filter>
    </ShaderSource>
    <ShaderSource Include="DxrTutorCommonPasses\Data\CommonPasses\thinLensGBuffer.rt.hlsl">
      <Filter>CommonPasses\Shaders</Filter>
    </ShaderSource>
    <ShaderSource Include="DxrTutorCommonPasses\Data\CommonPasses\thinLensUtils.hlsli">
      <Filter>CommonPasses\Shaders</Filter>
    </ShaderSource>
    <ShaderSource Include="DxrTutorTestPasses\Data\TestPasses\sinusoid.ps.hlsl">
      <Filter>TestPasses\Shaders</Filter>
    </ShaderSource>
    <ShaderSource Include="DxrTutorCommonPasses\Data\CommonPasses\ggxGlobalIllumination.rt.hlsl">
      <Filter>CommonPasses\Shaders</Filter>
    </ShaderSource>
    <ShaderSource Include="DxrTutorCommonPasses\Data\CommonPasses\ggxGlobalIlluminationUtils.hlsli">
      <Filter>CommonPasses\Shaders</Filter>
    </ShaderSource>
    <ShaderSource Include="DxrTutorCommonPasses\Data\CommonPasses\indirectRay.hlsli">
      <Filter>CommonPasses\Shaders</Filter>
    </ShaderSource>
    <ShaderSource Include="DxrTutorCommonPasses\Data\CommonPasses\microfacetBRDFUtils.hlsli">
      <Filter>CommonPasses\Shaders</Filter>
    </ShaderSource>
    <ShaderSource Include="SVGFPasses\Data\SVGFPasses\clearGBuffer.ps.hlsl">
      <Filter>SVGFPasses\Shaders</Filter>
    </ShaderSource>
    <ShaderSource Include="SVGFPasses\Data\SVGFPasses\gBufferSVGF.ps.hlsl">
      <Filter>SVGFPasses\Shaders</Filter>
    </ShaderSource>
    <ShaderSource Include="SVGFPasses\Data\SVGFPasses\gBufferSVGF.vs.hlsl">
      <Filter>SVGFPasses\Shaders</Filter>
    </ShaderSource>
    <ShaderSource Include="SVGFPasses\Data\SVGFPasses\ggxGlobalIlluminationDemod.rt.hlsl">
      <Filter>SVGFPasses\Shaders</Filter>
    </ShaderSource>
    <ShaderSource Include="SVGFPasses\Data\SVGFPasses\ggxGlobalIlluminationDemodUtils.hlsli">
      <Filter>SVGFPasses\Shaders</Filter>
    </ShaderSource>
    <ShaderSource Include="SVGFPasses\Data\SVGFPasses\SVGFAtrous.ps.hlsl">
      <Filter>SVGFPasses\Shaders</Filter>
    </ShaderSource>
    <ShaderSource Include="SVGFPasses\Data\SVGFPasses\SVGFCommon.hlsli">
      <Filter>SVGFPasses\Shaders</Filter>
    </ShaderSource>
    <ShaderSource Include="SVGFPasses\Data\SVGFPasses\SVGFEdgeStoppingFunctions.hlsli">
      <Filter>SVGFPasses\Shaders</Filter>
    </ShaderSource>
    <ShaderSource Include="SVGFPasses\Data\SVGFPasses\SVGFFilterMoments.ps.hlsl">
      <Filter>SVGFPasses\Shaders</Filter>
    </ShaderSource>
    <ShaderSource Include="SVGFPasses\Data\SVGFPasses\SVGFModulate.ps.hlsl">
      <Filter>SVGFPasses\Shaders</Filter>
    </ShaderSource>
    <ShaderSource Include="SVGFPasses\Data\SVGFPasses\SVGFPackNormal.hlsli">
      <Filter>SVGFPasses\Shaders</Filter>
    </ShaderSource>
    <ShaderSource Include="SVGFPasses\Data\SVGFPasses\SVGFReproject.ps.hlsl">
      <Filter>SVGFPasses\Shaders</Filter>
    </ShaderSource>
    <ShaderSource Include="DxrTutorCommonPasses\Data\CommonPasses\clearGBuffer.ps.hlsl">
      <Filter>CommonPasses\Shaders</Filter>
    </ShaderSource>
    <ShaderSource Include="DxrTutorCommonPasses\Data\CommonPasses\packingUtils.hlsli">
      <Filter>CommonPasses\Shaders</Filter>
    </ShaderSource>
    <ShaderSource Include="TestPasses\Data\TestPasses\DecodeGBufferPass.ps.hlsl">
      <Filter>TestPasses\Shaders</Filter>
    </ShaderSource>
    <ShaderSource Include="TestPasses\GBufferComponents.slang">
      <Filter>TestPasses</Filter>
    </ShaderSource>
    <ShaderSource Include="RasterizedPasses\Data\rasterLighting.hlsl">
      <Filter>RasterizedPasses\Shaders</Filter>
    </ShaderSource>
    <ShaderSource Include="RasterizedPasses\Data\shadowmapPass.ps.hlsl">
      <Filter>RasterizedPasses\Shaders</Filter>
    </ShaderSource>
    <ShaderSource Include="RasterizedPasses\Data\shadowmapPass.vs.hlsl">
      <Filter>RasterizedPasses\Shaders</Filter>
    </ShaderSource>
    <ShaderSource Include="RasterizedPasses\Data\shadowmapCommon.hlsli">
      <Filter>RasterizedPasses\Shaders</Filter>
    </ShaderSource>
    <ShaderSource Include="RasterizedPasses\Data\shadowmapCubePass.ps.hlsl">
      <Filter>RasterizedPasses\Shaders</Filter>
    </ShaderSource>
  </ItemGroup>
  <ItemGroup>
    <ResourceCompile Include="hrender.rc" />
  </ItemGroup>
</Project>