<?xml version="1.0" encoding="utf-8"?>
<Project ToolsVersion="4.0" xmlns="http://schemas.microsoft.com/developer/msbuild/2003">
  <ItemGroup>
    <ClCompile Include="hrender.cpp" />
    <ClCompile Include="DxrTutorSharedUtils\RenderingPipeline.cpp">
      <Filter>SharedUtils</Filter>
    </ClCompile>
    <ClCompile Include="DxrTutorSharedUtils\RenderPass.cpp">
      <Filter>SharedUtils</Filter>
    </ClCompile>
    <ClCompile Include="DxrTutorSharedUtils\SceneLoaderWrapper.cpp">
      <Filter>SharedUtils</Filter>
    </ClCompile>
    <ClCompile Include="DxrTutorSharedUtils\ResourceManager.cpp">
      <Filter>SharedUtils</Filter>
    </ClCompile>
    <ClCompile Include="DxrTutorSharedUtils\FullscreenLaunch.cpp">
      <Filter>SharedUtils</Filter>
    </ClCompile>
    <ClCompile Include="DxrTutorSharedUtils\RasterLaunch.cpp">
      <Filter>SharedUtils</Filter>
    </ClCompile>
    <ClCompile Include="DxrTutorCommonPasses\CopyToOutputPass.cpp">
      <Filter>CommonPasses</Filter>
    </ClCompile>
    <ClCompile Include="DxrTutorSharedUtils\RayLaunch.cpp">
      <Filter>SharedUtils</Filter>
    </ClCompile>
    <ClCompile Include="DxrTutorCommonPasses\SimpleAccumulationPass.cpp">
      <Filter>CommonPasses</Filter>
    </ClCompile>
    <ClCompile Include="DxrTutorCommonPasses\JitteredGBufferPass.cpp">
      <Filter>CommonPasses</Filter>
    </ClCompile>
    <ClCompile Include="DxrTutorCommonPasses\LambertianPlusShadowPass.cpp">
      <Filter>CommonPasses</Filter>
    </ClCompile>
    <ClCompile Include="TestPasses\DecodeGBufferPass.cpp">
      <Filter>TestPasses</Filter>
    </ClCompile>
    <ClCompile Include="NetworkPasses\NetworkPass.cpp">
      <Filter>NetworkPasses</Filter>
    </ClCompile>
    <ClCompile Include="DxrTutorSharedUtils\Semaphore.cpp">
      <Filter>SharedUtils</Filter>
    </ClCompile>
    <ClCompile Include="NetworkPasses\NetworkUtils.cpp">
      <Filter>NetworkPasses</Filter>
    </ClCompile>
    <ClCompile Include="NetworkPasses\VisibilityPass.cpp">
      <Filter>CommonPasses</Filter>
    </ClCompile>
    <ClCompile Include="NetworkPasses\VShadingPass.cpp">
      <Filter>CommonPasses</Filter>
    </ClCompile>
    <ClCompile Include="NetworkPasses\NetworkClientRecvPass.cpp">
      <Filter>NetworkPasses</Filter>
    </ClCompile>
    <ClCompile Include="NetworkPasses\NetworkClientSendPass.cpp">
      <Filter>NetworkPasses</Filter>
    </ClCompile>
    <ClCompile Include="NetworkPasses\NetworkServerRecvPass.cpp">
      <Filter>NetworkPasses</Filter>
    </ClCompile>
    <ClCompile Include="NetworkPasses\NetworkServerSendPass.cpp">
      <Filter>NetworkPasses</Filter>
    </ClCompile>
    <ClCompile Include="DxrTutorSharedUtils\RenderConfig.cpp">
      <Filter>SharedUtils</Filter>
    </ClCompile>
    <ClCompile Include="NetworkPasses\MemoryTransferPassClientCPU_GPU.cpp">
      <Filter>CommonPasses\Memory Transfer</Filter>
    </ClCompile>
    <ClCompile Include="NetworkPasses\MemoryTransferPassServerGPU_CPU.cpp">
      <Filter>CommonPasses\Memory Transfer</Filter>
    </ClCompile>
    <ClCompile Include="DxrTutorSharedUtils\UdpCustomPacket.cpp">
      <Filter>SharedUtils\Network</Filter>
    </ClCompile>
    <ClCompile Include="DxrTutorSharedUtils\CompressionPass.cpp">
      <Filter>SharedUtils\Compression</Filter>
    </ClCompile>
    <ClCompile Include="DxrTutorSharedUtils\NvDecoder.cpp">
      <Filter>SharedUtils\Compression</Filter>
    </ClCompile>
    <ClCompile Include="NetworkPasses\SimulateDelayPass.cpp">
      <Filter>NetworkPasses</Filter>
    </ClCompile>
    <ClCompile Include="NetworkPasses\ServerNetworkManager.cpp">
      <Filter>SharedUtils\Network</Filter>
    </ClCompile>
    <ClCompile Include="NetworkPasses\ClientNetworkManager.cpp">
      <Filter>SharedUtils\Network</Filter>
    </ClCompile>
    <ClCompile Include="NetworkPasses\PredictionPass.cpp">
      <Filter>NetworkPasses</Filter>
    </ClCompile>
    <ClCompile Include="DxrTutorSharedUtils\Regression.cpp">
      <Filter>SharedUtils</Filter>
    </ClCompile>
    <ClCompile Include="DxrTutorSharedUtils\Compression.cpp">
      <Filter>SharedUtils\Compression</Filter>
    </ClCompile>
    <ClCompile Include="DxrTutorCommonPasses\AmbientOcclusionPass.cpp">
      <Filter>CommonPasses</Filter>
    </ClCompile>
    <ClCompile Include="DxrTutorCommonPasses\GGXClientGlobalIllumPass.cpp">
      <Filter>GIPasses</Filter>
    </ClCompile>
    <ClCompile Include="DxrTutorCommonPasses\GGXServerGlobalIllumPass.cpp">
      <Filter>GIPasses</Filter>
    </ClCompile>
    <ClCompile Include="SVGFPasses\SVGFClientPass.cpp">
      <Filter>SVGFPasses</Filter>
    </ClCompile>
    <ClCompile Include="SVGFPasses\SVGFServerPass.cpp">
      <Filter>SVGFPasses</Filter>
    </ClCompile>
    <ClCompile Include="SVGFPasses\SVGFPass.cpp">
      <Filter>SVGFPasses\ReferencePasses</Filter>
    </ClCompile>
    <ClCompile Include="SVGFPasses\GBufferForSVGF.cpp">
      <Filter>SVGFPasses\ReferencePasses</Filter>
    </ClCompile>
    <ClCompile Include="SVGFPasses\GGXGlobalIlluminationDemod.cpp">
      <Filter>SVGFPasses\ReferencePasses</Filter>
    </ClCompile>
    <ClCompile Include="DxrTutorCommonPasses\ClientRemoteConverter.cpp">
      <Filter>CommonPasses\Remote Render</Filter>
    </ClCompile>
    <ClCompile Include="DxrTutorCommonPasses\ServerRemoteConverter.cpp">
      <Filter>CommonPasses\Remote Render</Filter>
    </ClCompile>
    <ClCompile Include="DxrTutorSharedUtils\RenderConfigUtils.cpp">
      <Filter>SharedUtils</Filter>
    </ClCompile>
    <ClCompile Include="SVGFPasses\DistrSVGFPass.cpp">
      <Filter>SVGFPasses\DistrSVGF</Filter>
    </ClCompile>
    <ClCompile Include="DxrTutorCommonPasses\FilterPass.cpp">
      <Filter>CommonPasses\Filtering</Filter>
    </ClCompile>
  </ItemGroup>
  <ItemGroup>
    <ClInclude Include="hrender.h" />
    <ClInclude Include="DxrTutorSharedUtils\RenderingPipeline.h">
      <Filter>SharedUtils</Filter>
    </ClInclude>
    <ClInclude Include="DxrTutorSharedUtils\RenderPass.h">
      <Filter>SharedUtils</Filter>
    </ClInclude>
    <ClInclude Include="DxrTutorSharedUtils\SceneLoaderWrapper.h">
      <Filter>SharedUtils</Filter>
    </ClInclude>
    <ClInclude Include="DxrTutorSharedUtils\ResourceManager.h">
      <Filter>SharedUtils</Filter>
    </ClInclude>
    <ClInclude Include="DxrTutorSharedUtils\FullscreenLaunch.h">
      <Filter>SharedUtils</Filter>
    </ClInclude>
    <ClInclude Include="DxrTutorSharedUtils\RasterLaunch.h">
      <Filter>SharedUtils</Filter>
    </ClInclude>
    <ClInclude Include="DxrTutorCommonPasses\CopyToOutputPass.h">
      <Filter>CommonPasses</Filter>
    </ClInclude>
    <ClInclude Include="DxrTutorSharedUtils\RayLaunch.h">
      <Filter>SharedUtils</Filter>
    </ClInclude>
    <ClInclude Include="DxrTutorCommonPasses\SimpleAccumulationPass.h">
      <Filter>CommonPasses</Filter>
    </ClInclude>
    <ClInclude Include="DxrTutorCommonPasses\JitteredGBufferPass.h">
      <Filter>CommonPasses</Filter>
    </ClInclude>
    <ClInclude Include="DxrTutorCommonPasses\LambertianPlusShadowPass.h">
      <Filter>CommonPasses</Filter>
    </ClInclude>
    <ClInclude Include="resource.h" />
    <ClInclude Include="TestPasses\DecodeGBufferPass.h">
      <Filter>TestPasses</Filter>
    </ClInclude>
    <ClInclude Include="NetworkPasses\NetworkPass.h">
      <Filter>NetworkPasses</Filter>
    </ClInclude>
    <ClInclude Include="DxrTutorSharedUtils\Semaphore.h">
      <Filter>SharedUtils</Filter>
    </ClInclude>
    <ClInclude Include="NetworkPasses\NetworkUtils.h">
      <Filter>NetworkPasses</Filter>
    </ClInclude>
    <ClInclude Include="NetworkPasses\VShadingPass.h">
      <Filter>CommonPasses</Filter>
    </ClInclude>
    <ClInclude Include="NetworkPasses\VisibilityPass.h">
      <Filter>CommonPasses</Filter>
    </ClInclude>
    <ClInclude Include="NetworkPasses\NetworkClientRecvPass.h">
      <Filter>NetworkPasses</Filter>
    </ClInclude>
    <ClInclude Include="NetworkPasses\NetworkClientSendPass.h">
      <Filter>NetworkPasses</Filter>
    </ClInclude>
    <ClInclude Include="NetworkPasses\NetworkServerRecvPass.h">
      <Filter>NetworkPasses</Filter>
    </ClInclude>
    <ClInclude Include="NetworkPasses\NetworkServerSendPass.h">
      <Filter>NetworkPasses</Filter>
    </ClInclude>
    <ClInclude Include="DxrTutorSharedUtils\RenderConfig.h">
      <Filter>SharedUtils</Filter>
    </ClInclude>
    <ClInclude Include="NetworkPasses\MemoryTransferPassClientCPU_GPU.h">
      <Filter>CommonPasses\Memory Transfer</Filter>
    </ClInclude>
    <ClInclude Include="NetworkPasses\MemoryTransferPassServerGPU_CPU.h">
      <Filter>CommonPasses\Memory Transfer</Filter>
    </ClInclude>
    <ClInclude Include="DxrTutorSharedUtils\UdpCustomPacket.h">
      <Filter>SharedUtils\Network</Filter>
    </ClInclude>
    <ClInclude Include="DxrTutorSharedUtils\CompressionPass.h">
      <Filter>SharedUtils\Compression</Filter>
    </ClInclude>
    <ClInclude Include="DxrTutorSharedUtils\NvDecoder.h">
      <Filter>SharedUtils\Compression</Filter>
    </ClInclude>
    <ClInclude Include="NetworkPasses\SimulateDelayPass.h">
      <Filter>NetworkPasses</Filter>
    </ClInclude>
    <ClInclude Include="NetworkPasses\ServerNetworkManager.h">
      <Filter>SharedUtils\Network</Filter>
    </ClInclude>
    <ClInclude Include="NetworkPasses\ClientNetworkManager.h">
      <Filter>SharedUtils\Network</Filter>
    </ClInclude>
    <ClInclude Include="NetworkPasses\FrameData.h">
      <Filter>SharedUtils\Network</Filter>
    </ClInclude>
    <ClInclude Include="DxrTutorSharedUtils\CircularBuffer.h">
      <Filter>SharedUtils</Filter>
    </ClInclude>
    <ClInclude Include="DxrTutorSharedUtils\CircularBuffer.hpp">
      <Filter>SharedUtils</Filter>
    </ClInclude>
    <ClInclude Include="NetworkPasses\PredictionPass.h">
      <Filter>NetworkPasses</Filter>
    </ClInclude>
    <ClInclude Include="DxrTutorSharedUtils\Regression.h">
      <Filter>SharedUtils</Filter>
    </ClInclude>
    <ClInclude Include="DxrTutorSharedUtils\Compression.h">
      <Filter>SharedUtils\Compression</Filter>
    </ClInclude>
    <ClInclude Include="DxrTutorCommonPasses\AmbientOcclusionPass.h">
      <Filter>CommonPasses</Filter>
    </ClInclude>
    <ClInclude Include="DxrTutorCommonPasses\GGXClientGlobalIllumPass.h">
      <Filter>GIPasses</Filter>
    </ClInclude>
    <ClInclude Include="DxrTutorCommonPasses\GGXServerGlobalIllumPass.h">
      <Filter>GIPasses</Filter>
    </ClInclude>
    <ClInclude Include="SVGFPasses\SVGFClientPass.h">
      <Filter>SVGFPasses</Filter>
    </ClInclude>
    <ClInclude Include="SVGFPasses\SVGFServerPass.h">
      <Filter>SVGFPasses</Filter>
    </ClInclude>
    <ClInclude Include="SVGFPasses\SVGFPass.h">
      <Filter>SVGFPasses\ReferencePasses</Filter>
    </ClInclude>
    <ClInclude Include="SVGFPasses\GBufferForSVGF.h">
      <Filter>SVGFPasses\ReferencePasses</Filter>
    </ClInclude>
    <ClInclude Include="SVGFPasses\GGXGlobalIlluminationDemod.h">
      <Filter>SVGFPasses\ReferencePasses</Filter>
    </ClInclude>
    <ClInclude Include="DxrTutorCommonPasses\ClientRemoteConverter.h">
      <Filter>CommonPasses\Remote Render</Filter>
    </ClInclude>
    <ClInclude Include="DxrTutorCommonPasses\ServerRemoteConverter.h">
      <Filter>CommonPasses\Remote Render</Filter>
    </ClInclude>
    <ClInclude Include="DxrTutorSharedUtils\RenderConfigUtils.h">
      <Filter>SharedUtils</Filter>
    </ClInclude>
    <ClInclude Include="SVGFPasses\DistrSVGFPass.h">
      <Filter>SVGFPasses\DistrSVGF</Filter>
    </ClInclude>
    <ClInclude Include="DxrTutorCommonPasses\FilterPass.h">
      <Filter>CommonPasses\Filtering</Filter>
    </ClInclude>
  </ItemGroup>
  <ItemGroup>
    <Filter Include="CommonPasses">
      <UniqueIdentifier>{37451d6e-20e2-450e-a3a6-dad2a516e914}</UniqueIdentifier>
    </Filter>
    <Filter Include="SharedUtils">
      <UniqueIdentifier>{01635f05-a550-454c-ac47-9afc80b7a50d}</UniqueIdentifier>
    </Filter>
    <Filter Include="TestPasses">
      <UniqueIdentifier>{72e7a820-7958-4fbd-9818-81f368e351ed}</UniqueIdentifier>
    </Filter>
    <Filter Include="TestPasses\Shaders">
      <UniqueIdentifier>{cd6e49c7-44eb-4463-9c29-1cce9c2eeb75}</UniqueIdentifier>
    </Filter>
    <Filter Include="CommonPasses\Shaders">
      <UniqueIdentifier>{0b52c825-e6bc-4c0b-9af9-8052bbb5839f}</UniqueIdentifier>
    </Filter>
    <Filter Include="NetworkPasses">
      <UniqueIdentifier>{b9a14148-3d9f-48ac-87b5-68b25218a304}</UniqueIdentifier>
    </Filter>
    <Filter Include="NetworkPasses\Shaders">
      <UniqueIdentifier>{4a32609a-0aa9-4b18-ba4d-c1caa118fda9}</UniqueIdentifier>
    </Filter>
    <Filter Include="Libraries">
      <UniqueIdentifier>{e06f6996-c3cd-4106-b26f-3e19fd9489c9}</UniqueIdentifier>
    </Filter>
    <Filter Include="NetworkPasses">
      <UniqueIdentifier>{b9a14148-3d9f-48ac-87b5-68b25218a304}</UniqueIdentifier>
    </Filter>
    <Filter Include="NetworkPasses\Shaders">
      <UniqueIdentifier>{4a32609a-0aa9-4b18-ba4d-c1caa118fda9}</UniqueIdentifier>
    </Filter>
    <Filter Include="Libraries">
      <UniqueIdentifier>{e06f6996-c3cd-4106-b26f-3e19fd9489c9}</UniqueIdentifier>
    </Filter>
    <Filter Include="SharedUtils\Compression">
      <UniqueIdentifier>{19b9e171-2cbb-4398-bf05-ed2c899f5cfe}</UniqueIdentifier>
    </Filter>
    <Filter Include="CommonPasses\Memory Transfer">
      <UniqueIdentifier>{1778b545-4137-431b-803b-d0b599ba2206}</UniqueIdentifier>
    </Filter>
    <Filter Include="SharedUtils\Network">
      <UniqueIdentifier>{f8b1fd99-3c4e-435e-9d2d-d60c4bcde845}</UniqueIdentifier>
    </Filter>
    <Filter Include="GIPasses">
      <UniqueIdentifier>{268e75a5-a0a5-41fd-a722-706d6d57f4f7}</UniqueIdentifier>
    </Filter>
    <Filter Include="GIPasses\Shaders">
      <UniqueIdentifier>{9a743fc0-9531-47c2-96cd-b03fee8e0295}</UniqueIdentifier>
    </Filter>
    <Filter Include="SVGFPasses">
      <UniqueIdentifier>{aa8f19cc-8cb3-4bfe-9831-c1d9ccf327a6}</UniqueIdentifier>
    </Filter>
    <Filter Include="SVGFPasses\Shaders">
      <UniqueIdentifier>{8eaac114-11b1-4caf-a364-96651fa80a36}</UniqueIdentifier>
    </Filter>
    <Filter Include="SVGFPasses\ReferencePasses">
      <UniqueIdentifier>{a2af5d25-545a-4df3-bd0e-04219e29036e}</UniqueIdentifier>
    </Filter>
    <Filter Include="SVGFPasses\Shaders\Server">
      <UniqueIdentifier>{b726675f-1c1b-4f9c-b6e6-fa0892767bac}</UniqueIdentifier>
    </Filter>
    <Filter Include="SVGFPasses\Shaders\Client">
      <UniqueIdentifier>{6ab51b0c-1a97-4ad8-a791-aac0ff34cc14}</UniqueIdentifier>
    </Filter>
    <Filter Include="SVGFPasses\Shaders\Shared">
      <UniqueIdentifier>{468ac973-bc19-4905-9071-6d5d93ed6bc4}</UniqueIdentifier>
    </Filter>
    <Filter Include="CommonPasses\Remote Render">
      <UniqueIdentifier>{706756af-9255-401f-a34a-98597dabca2f}</UniqueIdentifier>
    </Filter>
    <Filter Include="CommonPasses\Shaders\Remote Render">
      <UniqueIdentifier>{5707469d-337d-4dc3-8496-cf3a80531047}</UniqueIdentifier>
    </Filter>
    <Filter Include="SVGFPasses\DistrSVGF">
      <UniqueIdentifier>{6d4a0690-75e7-4a47-ad41-e16af2ab0fbe}</UniqueIdentifier>
    </Filter>
    <Filter Include="SVGFPasses\DistrSVGF\Shaders">
      <UniqueIdentifier>{7a9514d8-fc23-4c9f-a970-3c2a6bbd1421}</UniqueIdentifier>
    </Filter>
    <Filter Include="CommonPasses\Filtering">
      <UniqueIdentifier>{e857dd62-f087-4aea-837b-79b23467ca2f}</UniqueIdentifier>
    </Filter>
    <Filter Include="CommonPasses\Filtering\Shaders">
      <UniqueIdentifier>{08a84cd6-a463-4405-b1a8-6d40a0fc980f}</UniqueIdentifier>
    </Filter>
  </ItemGroup>
  <ItemGroup>
    <ShaderSource Include="DxrTutorCommonPasses\Data\CommonPasses\accumulate.ps.hlsl">
      <Filter>CommonPasses\Shaders</Filter>
    </ShaderSource>
    <ShaderSource Include="DxrTutorCommonPasses\Data\CommonPasses\aoCommonUtils.hlsli">
      <Filter>CommonPasses\Shaders</Filter>
    </ShaderSource>
    <ShaderSource Include="DxrTutorCommonPasses\Data\CommonPasses\aoTracing.rt.hlsl">
      <Filter>CommonPasses\Shaders</Filter>
    </ShaderSource>
    <ShaderSource Include="DxrTutorCommonPasses\Data\CommonPasses\gBuffer.ps.hlsl">
      <Filter>CommonPasses\Shaders</Filter>
    </ShaderSource>
    <ShaderSource Include="DxrTutorCommonPasses\Data\CommonPasses\gBuffer.vs.hlsl">
      <Filter>CommonPasses\Shaders</Filter>
    </ShaderSource>
    <ShaderSource Include="DxrTutorCommonPasses\Data\CommonPasses\lambertianPlusShadows.rt.hlsl">
      <Filter>CommonPasses\Shaders</Filter>
    </ShaderSource>
    <ShaderSource Include="DxrTutorCommonPasses\Data\CommonPasses\lambertianPlusShadowsUtils.hlsli">
      <Filter>CommonPasses\Shaders</Filter>
    </ShaderSource>
    <ShaderSource Include="DxrTutorCommonPasses\Data\CommonPasses\lightProbeGBuffer.rt.hlsl">
      <Filter>CommonPasses\Shaders</Filter>
    </ShaderSource>
    <ShaderSource Include="DxrTutorCommonPasses\Data\CommonPasses\lightProbeGBufferUtils.hlsli">
      <Filter>CommonPasses\Shaders</Filter>
    </ShaderSource>
    <ShaderSource Include="DxrTutorCommonPasses\Data\CommonPasses\simpleDiffuseGI.rt.hlsl">
      <Filter>CommonPasses\Shaders</Filter>
    </ShaderSource>
    <ShaderSource Include="DxrTutorCommonPasses\Data\CommonPasses\simpleDiffuseGIUtils.hlsli">
      <Filter>CommonPasses\Shaders</Filter>
    </ShaderSource>
    <ShaderSource Include="DxrTutorCommonPasses\Data\CommonPasses\standardShadowRay.hlsli">
      <Filter>CommonPasses\Shaders</Filter>
    </ShaderSource>
    <ShaderSource Include="DxrTutorCommonPasses\Data\CommonPasses\thinLensGBuffer.rt.hlsl">
      <Filter>CommonPasses\Shaders</Filter>
    </ShaderSource>
    <ShaderSource Include="DxrTutorCommonPasses\Data\CommonPasses\thinLensUtils.hlsli">
      <Filter>CommonPasses\Shaders</Filter>
    </ShaderSource>
    <ShaderSource Include="DxrTutorTestPasses\Data\TestPasses\sinusoid.ps.hlsl">
      <Filter>TestPasses\Shaders</Filter>
    </ShaderSource>
    <ShaderSource Include="DxrTutorCommonPasses\Data\CommonPasses\ggxGlobalIllumination.rt.hlsl">
      <Filter>CommonPasses\Shaders</Filter>
    </ShaderSource>
    <ShaderSource Include="DxrTutorCommonPasses\Data\CommonPasses\ggxGlobalIlluminationUtils.hlsli">
      <Filter>CommonPasses\Shaders</Filter>
    </ShaderSource>
    <ShaderSource Include="DxrTutorCommonPasses\Data\CommonPasses\indirectRay.hlsli">
      <Filter>CommonPasses\Shaders</Filter>
    </ShaderSource>
    <ShaderSource Include="DxrTutorCommonPasses\Data\CommonPasses\microfacetBRDFUtils.hlsli">
      <Filter>CommonPasses\Shaders</Filter>
    </ShaderSource>
    <ShaderSource Include="DxrTutorCommonPasses\Data\CommonPasses\clearGBuffer.ps.hlsl">
      <Filter>CommonPasses\Shaders</Filter>
    </ShaderSource>
    <ShaderSource Include="DxrTutorCommonPasses\Data\CommonPasses\packingUtils.hlsli">
      <Filter>CommonPasses\Shaders</Filter>
    </ShaderSource>
    <ShaderSource Include="TestPasses\Data\TestPasses\DecodeGBufferPass.ps.hlsl">
      <Filter>TestPasses\Shaders</Filter>
    </ShaderSource>
    <ShaderSource Include="TestPasses\GBufferComponents.slang">
      <Filter>TestPasses</Filter>
    </ShaderSource>
    <ShaderSource Include="NetworkPasses\Data\NetworkPasses\visibilityPass.rt.hlsl">
      <Filter>NetworkPasses\Shaders</Filter>
    </ShaderSource>
    <ShaderSource Include="NetworkPasses\Data\NetworkPasses\networkUtils.hlsli">
      <Filter>NetworkPasses\Shaders</Filter>
    </ShaderSource>
    <ShaderSource Include="NetworkPasses\Data\NetworkPasses\vshadingpass.hlsl">
      <Filter>NetworkPasses\Shaders</Filter>
    </ShaderSource>
    <ShaderSource Include="NetworkPasses\Data\NetworkPasses\visibilityPass.rt.hlsl">
      <Filter>NetworkPasses\Shaders</Filter>
    </ShaderSource>
    <ShaderSource Include="NetworkPasses\Data\NetworkPasses\networkUtils.hlsli">
      <Filter>NetworkPasses\Shaders</Filter>
    </ShaderSource>
    <ShaderSource Include="NetworkPasses\Data\NetworkPasses\vshadingpass.hlsl">
      <Filter>NetworkPasses\Shaders</Filter>
    </ShaderSource>
    <ShaderSource Include="NetworkPasses\Data\NetworkPasses\CopyBuffer.ps.hlsl">
      <Filter>NetworkPasses\Shaders</Filter>
    </ShaderSource>
    <ShaderSource Include="NetworkPasses\Data\NetworkPasses\OffsetBuffer.ps.hlsl">
      <Filter>NetworkPasses\Shaders</Filter>
    </ShaderSource>
    <ShaderSource Include="NetworkPasses\Data\NetworkPasses\PredictionPass.ps.hlsl">
      <Filter>NetworkPasses\Shaders</Filter>
    </ShaderSource>
    <ShaderSource Include="NetworkPasses\Data\NetworkPasses\vshadingpassYUV.hlsl">
      <Filter>NetworkPasses\Shaders</Filter>
    </ShaderSource>
    <ShaderSource Include="DxrTutorCommonPasses\Data\CommonPasses\ggxClientGlobalIllumination.rt.hlsl">
      <Filter>GIPasses\Shaders</Filter>
    </ShaderSource>
    <ShaderSource Include="DxrTutorCommonPasses\Data\CommonPasses\ggxServerGlobalIllumination.rt.hlsl">
      <Filter>GIPasses\Shaders</Filter>
    </ShaderSource>
    <ShaderSource Include="SVGFPasses\Data\SVGFPasses\clearGBuffer.ps.hlsl">
      <Filter>SVGFPasses\Shaders</Filter>
    </ShaderSource>
    <ShaderSource Include="SVGFPasses\Data\SVGFPasses\gBufferSVGF.ps.hlsl">
      <Filter>SVGFPasses\Shaders</Filter>
    </ShaderSource>
    <ShaderSource Include="SVGFPasses\Data\SVGFPasses\gBufferSVGF.vs.hlsl">
      <Filter>SVGFPasses\Shaders</Filter>
    </ShaderSource>
    <ShaderSource Include="SVGFPasses\Data\SVGFPasses\ggxGlobalIlluminationDemod.rt.hlsl">
      <Filter>SVGFPasses\Shaders</Filter>
    </ShaderSource>
    <ShaderSource Include="SVGFPasses\Data\SVGFPasses\ggxGlobalIlluminationDemodUtils.hlsli">
      <Filter>SVGFPasses\Shaders</Filter>
    </ShaderSource>
    <ShaderSource Include="SVGFPasses\Data\SVGFPasses\SVGFAtrous.ps.hlsl">
      <Filter>SVGFPasses\Shaders</Filter>
    </ShaderSource>
    <ShaderSource Include="SVGFPasses\Data\SVGFPasses\SVGFCommon.hlsli">
      <Filter>SVGFPasses\Shaders</Filter>
    </ShaderSource>
    <ShaderSource Include="SVGFPasses\Data\SVGFPasses\SVGFEdgeStoppingFunctions.hlsli">
      <Filter>SVGFPasses\Shaders</Filter>
    </ShaderSource>
    <ShaderSource Include="SVGFPasses\Data\SVGFPasses\svgfGBufData.hlsli">
      <Filter>SVGFPasses\Shaders</Filter>
    </ShaderSource>
    <ShaderSource Include="SVGFPasses\Data\SVGFPasses\SVGFModulate.ps.hlsl">
      <Filter>SVGFPasses\Shaders</Filter>
    </ShaderSource>
    <ShaderSource Include="SVGFPasses\Data\SVGFPasses\SVGFPackNormal.hlsli">
      <Filter>SVGFPasses\Shaders</Filter>
    </ShaderSource>
    <ShaderSource Include="SVGFPasses\Data\SVGFPasses\SVGFReproject.ps.hlsl">
      <Filter>SVGFPasses\Shaders</Filter>
    </ShaderSource>
    <ShaderSource Include="SVGFPasses\Data\SVGFPasses\SVGFClientAtrous.ps.hlsl">
      <Filter>SVGFPasses\Shaders\Client</Filter>
    </ShaderSource>
    <ShaderSource Include="SVGFPasses\Data\SVGFPasses\SVGFClientModulate.ps.hlsl">
      <Filter>SVGFPasses\Shaders\Client</Filter>
    </ShaderSource>
    <ShaderSource Include="SVGFPasses\Data\SVGFPasses\SVGFServerAtrous.ps.hlsl">
      <Filter>SVGFPasses\Shaders\Server</Filter>
    </ShaderSource>
    <ShaderSource Include="SVGFPasses\Data\SVGFPasses\SVGFServerModulate.ps.hlsl">
      <Filter>SVGFPasses\Shaders\Server</Filter>
    </ShaderSource>
    <ShaderSource Include="SVGFPasses\Data\SVGFPasses\SVGF1ColorReproject.ps.hlsl">
      <Filter>SVGFPasses\Shaders\Shared</Filter>
    </ShaderSource>
    <ShaderSource Include="SVGFPasses\Data\SVGFPasses\SVGFFilterMoments.ps.hlsl">
      <Filter>SVGFPasses\Shaders</Filter>
    </ShaderSource>
    <ShaderSource Include="SVGFPasses\Data\SVGFPasses\SVGF1ColorFilterMoments.ps.hlsl">
      <Filter>SVGFPasses\Shaders\Shared</Filter>
    </ShaderSource>
    <ShaderSource Include="DxrTutorCommonPasses\Data\CommonPasses\floatConvert.hlsl">
      <Filter>CommonPasses\Shaders\Remote Render</Filter>
    </ShaderSource>
    <ShaderSource Include="SVGFPasses\Data\SVGFPasses\DistrSVGFAtrous.ps.hlsl">
      <Filter>SVGFPasses\DistrSVGF\Shaders</Filter>
    </ShaderSource>
    <ShaderSource Include="SVGFPasses\Data\SVGFPasses\DistrSVGFFilterMoments.ps.hlsl">
      <Filter>SVGFPasses\DistrSVGF\Shaders</Filter>
    </ShaderSource>
    <ShaderSource Include="SVGFPasses\Data\SVGFPasses\DistrSVGFModulate.ps.hlsl">
      <Filter>SVGFPasses\DistrSVGF\Shaders</Filter>
    </ShaderSource>
    <ShaderSource Include="SVGFPasses\Data\SVGFPasses\DistrSVGFReproject.ps.hlsl">
      <Filter>SVGFPasses\DistrSVGF\Shaders</Filter>
    </ShaderSource>
    <ShaderSource Include="DxrTutorCommonPasses\Data\CommonPasses\gaussianFilter.ps.hlsl">
      <Filter>CommonPasses\Filtering\Shaders</Filter>
    </ShaderSource>
  </ItemGroup>
  <ItemGroup>
    <ResourceCompile Include="hrender.rc" />
  </ItemGroup>
</Project>